
Microsoft Visual Studio Solution File, Format Version 12.00
# Visual Studio Version 17
VisualStudioVersion = 17.13.35806.99 d17.13
MinimumVisualStudioVersion = 10.0.40219.1
Project("{FAE04EC0-301F-11D3-BF4B-00C04F79EFBC}") = "QTIParserApp", "QTIParserApp.csproj", "{600E165A-3A24-4C96-984B-FC1FE73E2B4C}"
EndProject
Global
	GlobalSection(SolutionConfigurationPlatforms) = preSolution
		Debug|ARM64 = Debug|ARM64
		Debug|x64 = Debug|x64
		Debug|x86 = Debug|x86
		Release|ARM64 = Release|ARM64
		Release|x64 = Release|x64
		Release|x86 = Release|x86
	EndGlobalSection
	GlobalSection(ProjectConfigurationPlatforms) = postSolution
		{600E165A-3A24-4C96-984B-FC1FE73E2B4C}.Debug|ARM64.ActiveCfg = Debug|ARM64
		{600E165A-3A24-4C96-984B-FC1FE73E2B4C}.Debug|ARM64.Build.0 = Debug|ARM64
		{600E165A-3A24-4C96-984B-FC1FE73E2B4C}.Debug|ARM64.Deploy.0 = Debug|ARM64
		{600E165A-3A24-4C96-984B-FC1FE73E2B4C}.Debug|x64.ActiveCfg = Debug|x64
		{600E165A-3A24-4C96-984B-FC1FE73E2B4C}.Debug|x64.Build.0 = Debug|x64
		{600E165A-3A24-4C96-984B-FC1FE73E2B4C}.Debug|x64.Deploy.0 = Debug|x64
		{600E165A-3A24-4C96-984B-FC1FE73E2B4C}.Debug|x86.ActiveCfg = Debug|x86
		{600E165A-3A24-4C96-984B-FC1FE73E2B4C}.Debug|x86.Build.0 = Debug|x86
		{600E165A-3A24-4C96-984B-FC1FE73E2B4C}.Debug|x86.Deploy.0 = Debug|x86
		{600E165A-3A24-4C96-984B-FC1FE73E2B4C}.Release|ARM64.ActiveCfg = Release|ARM64
		{600E165A-3A24-4C96-984B-FC1FE73E2B4C}.Release|ARM64.Build.0 = Release|ARM64
		{600E165A-3A24-4C96-984B-FC1FE73E2B4C}.Release|ARM64.Deploy.0 = Release|ARM64
		{600E165A-3A24-4C96-984B-FC1FE73E2B4C}.Release|x64.ActiveCfg = Release|x64
		{600E165A-3A24-4C96-984B-FC1FE73E2B4C}.Release|x64.Build.0 = Release|x64
		{600E165A-3A24-4C96-984B-FC1FE73E2B4C}.Release|x64.Deploy.0 = Release|x64
		{600E165A-3A24-4C96-984B-FC1FE73E2B4C}.Release|x86.ActiveCfg = Release|x86
		{600E165A-3A24-4C96-984B-FC1FE73E2B4C}.Release|x86.Build.0 = Release|x86
		{600E165A-3A24-4C96-984B-FC1FE73E2B4C}.Release|x86.Deploy.0 = Release|x86
	EndGlobalSection
	GlobalSection(SolutionProperties) = preSolution
		HideSolutionNode = FALSE
	EndGlobalSection
	GlobalSection(ExtensibilityGlobals) = postSolution
		SolutionGuid = {D5E2C95E-21A2-4DD0-BCA2-5F23E3F6086F}
	EndGlobalSection
EndGlobal
